dependencies:
- name: redis
  repository: https://kubernetes.oss-cn-hangzhou.aliyuncs.com/charts
  version: 1.1.15
- name: mysql
  repository: https://kubernetes.oss-cn-hangzhou.aliyuncs.com/charts
  version: 0.3.5
digest: sha256:7c20b329e72c259d5b65d75c76940c980ae64d852564e7490b30ecbc0dfcd2dc
generated: 2019-10-11T19:01:13.2143835+08:00
